// !$*UTF8*$!
{
	archiveVersion = 1;
	classes = {
	};
	objectVersion = 56;
	objects = {

/* Begin PBXBuildFile section */
		6C2CFAAC2A4098C800889EB0 /* NumberSearchApp.swift in Sources */ = {isa = PBXBuildFile; fileRef = 6C2CFAAB2A4098C800889EB0 /* NumberSearchApp.swift */; };
		6C2CFAAE2A4098C800889EB0 /* ContentView.swift in Sources */ = {isa = PBXBuildFile; fileRef = 6C2CFAAD2A4098C800889EB0 /* ContentView.swift */; };
		6C2CFAB02A4098CB00889EB0 /* Assets.xcassets in Resources */ = {isa = PBXBuildFile; fileRef = 6C2CFAAF2A4098CB00889EB0 /* Assets.xcassets */; };
		6C2CFAB32A4098CB00889EB0 /* Preview Assets.xcassets in Resources */ = {isa = PBXBuildFile; fileRef = 6C2CFAB22A4098CB00889EB0 /* Preview Assets.xcassets */; };
		6C2CFABA2A40998200889EB0 /* SliderView.swift in Sources */ = {isa = PBXBuildFile; fileRef = 6C2CFAB92A40998200889EB0 /* SliderView.swift */; };
		6C2CFABC2A4099A600889EB0 /* UISliderRepresentation.swift in Sources */ = {isa = PBXBuildFile; fileRef = 6C2CFABB2A4099A600889EB0 /* UISliderRepresentation.swift */; };
		6C2CFAC32A41D88A00889EB0 /* NumberGame.swift in Sources */ = {isa = PBXBuildFile; fileRef = 6C2CFAC22A41D88A00889EB0 /* NumberGame.swift */; };
		6C2CFAC52A41D91600889EB0 /* GameManager.swift in Sources */ = {isa = PBXBuildFile; fileRef = 6C2CFAC42A41D91600889EB0 /* GameManager.swift */; };
/* End PBXBuildFile section */

/* Begin PBXFileReference section */
		6C2CFAA82A4098C800889EB0 /* NumberSearch.app */ = {isa = PBXFileReference; explicitFileType = wrapper.application; includeInIndex = 0; path = NumberSearch.app; sourceTree = BUILT_PRODUCTS_DIR; };
		6C2CFAAB2A4098C800889EB0 /* NumberSearchApp.swift */ = {isa = PBXFileReference; lastKnownFileType = sourcecode.swift; path = NumberSearchApp.swift; sourceTree = "<group>"; };
		6C2CFAAD2A4098C800889EB0 /* ContentView.swift */ = {isa = PBXFileReference; lastKnownFileType = sourcecode.swift; path = ContentView.swift; sourceTree = "<group>"; };
		6C2CFAAF2A4098CB00889EB0 /* Assets.xcassets */ = {isa = PBXFileReference; lastKnownFileType = folder.assetcatalog; path = Assets.xcassets; sourceTree = "<group>"; };
		6C2CFAB22A4098CB00889EB0 /* Preview Assets.xcassets */ = {isa = PBXFileReference; lastKnownFileType = folder.assetcatalog; path = "Preview Assets.xcassets"; sourceTree = "<group>"; };
		6C2CFAB92A40998200889EB0 /* SliderView.swift */ = {isa = PBXFileReference; lastKnownFileType = sourcecode.swift; path = SliderView.swift; sourceTree = "<group>"; };
		6C2CFABB2A4099A600889EB0 /* UISliderRepresentation.swift */ = {isa = PBXFileReference; lastKnownFileType = sourcecode.swift; path = UISliderRepresentation.swift; sourceTree = "<group>"; };
		6C2CFAC22A41D88A00889EB0 /* NumberGame.swift */ = {isa = PBXFileReference; lastKnownFileType = sourcecode.swift; path = NumberGame.swift; sourceTree = "<group>"; };
		6C2CFAC42A41D91600889EB0 /* GameManager.swift */ = {isa = PBXFileReference; lastKnownFileType = sourcecode.swift; path = GameManager.swift; sourceTree = "<group>"; };
/* End PBXFileReference section */

/* Begin PBXFrameworksBuildPhase section */
		6C2CFAA52A4098C800889EB0 /* Frameworks */ = {
			isa = PBXFrameworksBuildPhase;
			buildActionMask = 2147483647;
			files = (
			);
			runOnlyForDeploymentPostprocessing = 0;
		};
/* End PBXFrameworksBuildPhase section */

/* Begin PBXGroup section */
		6C2CFA9F2A4098C700889EB0 = {
			isa = PBXGroup;
			children = (
				6C2CFAAA2A4098C800889EB0 /* NumberSearch */,
				6C2CFAA92A4098C800889EB0 /* Products */,
			);
			sourceTree = "<group>";
		};
		6C2CFAA92A4098C800889EB0 /* Products */ = {
			isa = PBXGroup;
			children = (
				6C2CFAA82A4098C800889EB0 /* NumberSearch.app */,
			);
			name = Products;
			sourceTree = "<group>";
		};
		6C2CFAAA2A4098C800889EB0 /* NumberSearch */ = {
			isa = PBXGroup;
			children = (
				6C2CFAAB2A4098C800889EB0 /* NumberSearchApp.swift */,
				6C2CFABF2A41D03800889EB0 /* Views */,
				6C2CFAC12A41D76800889EB0 /* Models */,
				6C2CFAC02A41D73C00889EB0 /* Services */,
				6C2CFAAF2A4098CB00889EB0 /* Assets.xcassets */,
				6C2CFAB12A4098CB00889EB0 /* Preview Content */,
			);
			path = NumberSearch;
			sourceTree = "<group>";
		};
		6C2CFAB12A4098CB00889EB0 /* Preview Content */ = {
			isa = PBXGroup;
			children = (
				6C2CFAB22A4098CB00889EB0 /* Preview Assets.xcassets */,
			);
			path = "Preview Content";
			sourceTree = "<group>";
		};
		6C2CFABF2A41D03800889EB0 /* Views */ = {
			isa = PBXGroup;
			children = (
				6C2CFAAD2A4098C800889EB0 /* ContentView.swift */,
				6C2CFAB92A40998200889EB0 /* SliderView.swift */,
				6C2CFABB2A4099A600889EB0 /* UISliderRepresentation.swift */,
			);
			path = Views;
			sourceTree = "<group>";
		};
		6C2CFAC02A41D73C00889EB0 /* Services */ = {
			isa = PBXGroup;
			children = (
				6C2CFAC42A41D91600889EB0 /* GameManager.swift */,
			);
			path = Services;
			sourceTree = "<group>";
		};
		6C2CFAC12A41D76800889EB0 /* Models */ = {
			isa = PBXGroup;
			children = (
				6C2CFAC22A41D88A00889EB0 /* NumberGame.swift */,
			);
			path = Models;
			sourceTree = "<group>";
		};
/* End PBXGroup section */

/* Begin PBXNativeTarget section */
		6C2CFAA72A4098C800889EB0 /* NumberSearch */ = {
			isa = PBXNativeTarget;
			buildConfigurationList = 6C2CFAB62A4098CB00889EB0 /* Build configuration list for PBXNativeTarget "NumberSearch" */;
			buildPhases = (
				6C2CFAA42A4098C800889EB0 /* Sources */,
				6C2CFAA52A4098C800889EB0 /* Frameworks */,
				6C2CFAA62A4098C800889EB0 /* Resources */,
			);
			buildRules = (
			);
			dependencies = (
			);
			name = NumberSearch;
			productName = NumberSearch;
			productReference = 6C2CFAA82A4098C800889EB0 /* NumberSearch.app */;
			productType = "com.apple.product-type.application";
		};
/* End PBXNativeTarget section */

/* Begin PBXProject section */
		6C2CFAA02A4098C700889EB0 /* Project object */ = {
			isa = PBXProject;
			attributes = {
				BuildIndependentTargetsInParallel = 1;
				LastSwiftUpdateCheck = 1430;
				LastUpgradeCheck = 1430;
				TargetAttributes = {
					6C2CFAA72A4098C800889EB0 = {
						CreatedOnToolsVersion = 14.3.1;
					};
				};
			};
			buildConfigurationList = 6C2CFAA32A4098C700889EB0 /* Build configuration list for PBXProject "NumberSearch" */;
			compatibilityVersion = "Xcode 14.0";
			developmentRegion = en;
			hasScannedForEncodings = 0;
			knownRegions = (
				en,
				Base,
			);
			mainGroup = 6C2CFA9F2A4098C700889EB0;
			productRefGroup = 6C2CFAA92A4098C800889EB0 /* Products */;
			projectDirPath = "";
			projectRoot = "";
			targets = (
				6C2CFAA72A4098C800889EB0 /* NumberSearch */,
			);
		};
/* End PBXProject section */

/* Begin PBXResourcesBuildPhase section */
		6C2CFAA62A4098C800889EB0 /* Resources */ = {
			isa = PBXResourcesBuildPhase;
			buildActionMask = 2147483647;
			files = (
				6C2CFAB32A4098CB00889EB0 /* Preview Assets.xcassets in Resources */,
				6C2CFAB02A4098CB00889EB0 /* Assets.xcassets in Resources */,
			);
			runOnlyForDeploymentPostprocessing = 0;
		};
/* End PBXResourcesBuildPhase section */

/* Begin PBXSourcesBuildPhase section */
		6C2CFAA42A4098C800889EB0 /* Sources */ = {
			isa = PBXSourcesBuildPhase;
			buildActionMask = 2147483647;
			files = (
				6C2CFABA2A40998200889EB0 /* SliderView.swift in Sources */,
				6C2CFAC52A41D91600889EB0 /* GameManager.swift in Sources */,
				6C2CFAAE2A4098C800889EB0 /* ContentView.swift in Sources */,
				6C2CFABC2A4099A600889EB0 /* UISliderRepresentation.swift in Sources */,
				6C2CFAC32A41D88A00889EB0 /* NumberGame.swift in Sources */,
				6C2CFAAC2A4098C800889EB0 /* NumberSearchApp.swift in Sources */,
			);
			runOnlyForDeploymentPostprocessing = 0;
		};
/* End PBXSourcesBuildPhase section */

/* Begin XCBuildConfiguration section */
		6C2CFAB42A4098CB00889EB0 /* Debug */ = {
			isa = XCBuildConfiguration;
			buildSettings = {
				ALWAYS_SEARCH_USER_PATHS = NO;
				CLANG_ANALYZER_NONNULL = YES;
				CLANG_ANALYZER_NUMBER_OBJECT_CONVERSION = YES_AGGRESSIVE;
				CLANG_CXX_LANGUAGE_STANDARD = "gnu++20";
				CLANG_ENABLE_MODULES = YES;
				CLANG_ENABLE_OBJC_ARC = YES;
				CLANG_ENABLE_OBJC_WEAK = YES;
				CLANG_WARN_BLOCK_CAPTURE_AUTORELEASING = YES;
				CLANG_WARN_BOOL_CONVERSION = YES;
				CLANG_WARN_COMMA = YES;
				CLANG_WARN_CONSTANT_CONVERSION = YES;
				CLANG_WARN_DEPRECATED_OBJC_IMPLEMENTATIONS = YES;
				CLANG_WARN_DIRECT_OBJC_ISA_USAGE = YES_ERROR;
				CLANG_WARN_DOCUMENTATION_COMMENTS = YES;
				CLANG_WARN_EMPTY_BODY = YES;
				CLANG_WARN_ENUM_CONVERSION = YES;
				CLANG_WARN_INFINITE_RECURSION = YES;
				CLANG_WARN_INT_CONVERSION = YES;
				CLANG_WARN_NON_LITERAL_NULL_CONVERSION = YES;
				CLANG_WARN_OBJC_IMPLICIT_RETAIN_SELF = YES;
				CLANG_WARN_OBJC_LITERAL_CONVERSION = YES;
				CLANG_WARN_OBJC_ROOT_CLASS = YES_ERROR;
				CLANG_WARN_QUOTED_INCLUDE_IN_FRAMEWORK_HEADER = YES;
				CLANG_WARN_RANGE_LOOP_ANALYSIS = YES;
				CLANG_WARN_STRICT_PROTOTYPES = YES;
				CLANG_WARN_SUSPICIOUS_MOVE = YES;
				CLANG_WARN_UNGUARDED_AVAILABILITY = YES_AGGRESSIVE;
				CLANG_WARN_UNREACHABLE_CODE = YES;
				CLANG_WARN__DUPLICATE_METHOD_MATCH = YES;
				COPY_PHASE_STRIP = NO;
				DEBUG_INFORMATION_FORMAT = dwarf;
				ENABLE_STRICT_OBJC_MSGSEND = YES;
				ENABLE_TESTABILITY = YES;
				GCC_C_LANGUAGE_STANDARD = gnu11;
				GCC_DYNAMIC_NO_PIC = NO;
				GCC_NO_COMMON_BLOCKS = YES;
				GCC_OPTIMIZATION_LEVEL = 0;
				GCC_PREPROCESSOR_DEFINITIONS = (
					"DEBUG=1",
					"$(inherited)",
				);
				GCC_WARN_64_TO_32_BIT_CONVERSION = YES;
				GCC_WARN_ABOUT_RETURN_TYPE = YES_ERROR;
				GCC_WARN_UNDECLARED_SELECTOR = YES;
				GCC_WARN_UNINITIALIZED_AUTOS = YES_AGGRESSIVE;
				GCC_WARN_UNUSED_FUNCTION = YES;
				GCC_WARN_UNUSED_VARIABLE = YES;
				IPHONEOS_DEPLOYMENT_TARGET = 16.4;
				MTL_ENABLE_DEBUG_INFO = INCLUDE_SOURCE;
				MTL_FAST_MATH = YES;
				ONLY_ACTIVE_ARCH = YES;
				SDKROOT = iphoneos;
				SWIFT_ACTIVE_COMPILATION_CONDITIONS = DEBUG;
				SWIFT_OPTIMIZATION_LEVEL = "-Onone";
			};
			name = Debug;
		};
		6C2CFAB52A4098CB00889EB0 /* Release */ = {
			isa = XCBuildConfiguration;
			buildSettings = {
				ALWAYS_SEARCH_USER_PATHS = NO;
				CLANG_ANALYZER_NONNULL = YES;
				CLANG_ANALYZER_NUMBER_OBJECT_CONVERSION = YES_AGGRESSIVE;
				CLANG_CXX_LANGUAGE_STANDARD = "gnu++20";
				CLANG_ENABLE_MODULES = YES;
				CLANG_ENABLE_OBJC_ARC = YES;
				CLANG_ENABLE_OBJC_WEAK = YES;
				CLANG_WARN_BLOCK_CAPTURE_AUTORELEASING = YES;
				CLANG_WARN_BOOL_CONVERSION = YES;
				CLANG_WARN_COMMA = YES;
				CLANG_WARN_CONSTANT_CONVERSION = YES;
				CLANG_WARN_DEPRECATED_OBJC_IMPLEMENTATIONS = YES;
				CLANG_WARN_DIRECT_OBJC_ISA_USAGE = YES_ERROR;
				CLANG_WARN_DOCUMENTATION_COMMENTS = YES;
				CLANG_WARN_EMPTY_BODY = YES;
				CLANG_WARN_ENUM_CONVERSION = YES;
				CLANG_WARN_INFINITE_RECURSION = YES;
				CLANG_WARN_INT_CONVERSION = YES;
				CLANG_WARN_NON_LITERAL_NULL_CONVERSION = YES;
				CLANG_WARN_OBJC_IMPLICIT_RETAIN_SELF = YES;
				CLANG_WARN_OBJC_LITERAL_CONVERSION = YES;
				CLANG_WARN_OBJC_ROOT_CLASS = YES_ERROR;
				CLANG_WARN_QUOTED_INCLUDE_IN_FRAMEWORK_HEADER = YES;
				CLANG_WARN_RANGE_LOOP_ANALYSIS = YES;
				CLANG_WARN_STRICT_PROTOTYPES = YES;
				CLANG_WARN_SUSPICIOUS_MOVE = YES;
				CLANG_WARN_UNGUARDED_AVAILABILITY = YES_AGGRESSIVE;
				CLANG_WARN_UNREACHABLE_CODE = YES;
				CLANG_WARN__DUPLICATE_METHOD_MATCH = YES;
				COPY_PHASE_STRIP = NO;
				DEBUG_INFORMATION_FORMAT = "dwarf-with-dsym";
				ENABLE_NS_ASSERTIONS = NO;
				ENABLE_STRICT_OBJC_MSGSEND = YES;
				GCC_C_LANGUAGE_STANDARD = gnu11;
				GCC_NO_COMMON_BLOCKS = YES;
				GCC_WARN_64_TO_32_BIT_CONVERSION = YES;
				GCC_WARN_ABOUT_RETURN_TYPE = YES_ERROR;
				GCC_WARN_UNDECLARED_SELECTOR = YES;
				GCC_WARN_UNINITIALIZED_AUTOS = YES_AGGRESSIVE;
				GCC_WARN_UNUSED_FUNCTION = YES;
				GCC_WARN_UNUSED_VARIABLE = YES;
				IPHONEOS_DEPLOYMENT_TARGET = 16.4;
				MTL_ENABLE_DEBUG_INFO = NO;
				MTL_FAST_MATH = YES;
				SDKROOT = iphoneos;
				SWIFT_COMPILATION_MODE = wholemodule;
				SWIFT_OPTIMIZATION_LEVEL = "-O";
				VALIDATE_PRODUCT = YES;
			};
			name = Release;
		};
		6C2CFAB72A4098CB00889EB0 /* Debug */ = {
			isa = XCBuildConfiguration;
			buildSettings = {
				ASSETCATALOG_COMPILER_APPICON_NAME = AppIcon;
				ASSETCATALOG_COMPILER_GLOBAL_ACCENT_COLOR_NAME = AccentColor;
				CODE_SIGN_STYLE = Automatic;
				CURRENT_PROJECT_VERSION = 1;
				DEVELOPMENT_ASSET_PATHS = "\"NumberSearch/Preview Content\"";
				DEVELOPMENT_TEAM = M594N623QP;
				ENABLE_PREVIEWS = YES;
				GENERATE_INFOPLIST_FILE = YES;
				INFOPLIST_KEY_UIApplicationSceneManifest_Generation = YES;
				INFOPLIST_KEY_UIApplicationSupportsIndirectInputEvents = YES;
				INFOPLIST_KEY_UILaunchScreen_Generation = YES;
				INFOPLIST_KEY_UISupportedInterfaceOrientations = UIInterfaceOrientationPortrait;
				INFOPLIST_KEY_UISupportedInterfaceOrientations_iPad = "UIInterfaceOrientationLandscapeLeft UIInterfaceOrientationLandscapeRight UIInterfaceOrientationPortrait UIInterfaceOrientationPortraitUpsideDown";
				LD_RUNPATH_SEARCH_PATHS = (
					"$(inherited)",
					"@executable_path/Frameworks",
				);
				MARKETING_VERSION = 1.0;
				PRODUCT_BUNDLE_IDENTIFIER = elena.sharipova.NumberSearch;
				PRODUCT_NAME = "$(TARGET_NAME)";
				SUPPORTED_PLATFORMS = "iphoneos iphonesimulator";
				SUPPORTS_MACCATALYST = NO;
				SUPPORTS_MAC_DESIGNED_FOR_IPHONE_IPAD = NO;
				SWIFT_EMIT_LOC_STRINGS = YES;
				SWIFT_VERSION = 5.0;
				TARGETED_DEVICE_FAMILY = 1;
			};
			name = Debug;
		};
		6C2CFAB82A4098CB00889EB0 /* Release */ = {
			isa = XCBuildConfiguration;
			buildSettings = {
				ASSETCATALOG_COMPILER_APPICON_NAME = AppIcon;
				ASSETCATALOG_COMPILER_GLOBAL_ACCENT_COLOR_NAME = AccentColor;
				CODE_SIGN_STYLE = Automatic;
				CURRENT_PROJECT_VERSION = 1;
				DEVELOPMENT_ASSET_PATHS = "\"NumberSearch/Preview Content\"";
				DEVELOPMENT_TEAM = M594N623QP;
				ENABLE_PREVIEWS = YES;
				GENERATE_INFOPLIST_FILE = YES;
				INFOPLIST_KEY_UIApplicationSceneManifest_Generation = YES;
				INFOPLIST_KEY_UIApplicationSupportsIndirectInputEvents = YES;
				INFOPLIST_KEY_UILaunchScreen_Generation = YES;
				INFOPLIST_KEY_UISupportedInterfaceOrientations = UIInterfaceOrientationPortrait;
				INFOPLIST_KEY_UISupportedInterfaceOrientations_iPad = "UIInterfaceOrientationLandscapeLeft UIInterfaceOrientationLandscapeRight UIInterfaceOrientationPortrait UIInterfaceOrientationPortraitUpsideDown";
				LD_RUNPATH_SEARCH_PATHS = (
					"$(inherited)",
					"@executable_path/Frameworks",
				);
				MARKETING_VERSION = 1.0;
				PRODUCT_BUNDLE_IDENTIFIER = elena.sharipova.NumberSearch;
				PRODUCT_NAME = "$(TARGET_NAME)";
				SUPPORTED_PLATFORMS = "iphoneos iphonesimulator";
				SUPPORTS_MACCATALYST = NO;
				SUPPORTS_MAC_DESIGNED_FOR_IPHONE_IPAD = NO;
				SWIFT_EMIT_LOC_STRINGS = YES;
				SWIFT_VERSION = 5.0;
				TARGETED_DEVICE_FAMILY = 1;
			};
			name = Release;
		};
/* End XCBuildConfiguration section */

/* Begin XCConfigurationList section */
		6C2CFAA32A4098C700889EB0 /* Build configuration list for PBXProject "NumberSearch" */ = {
			isa = XCConfigurationList;
			buildConfigurations = (
				6C2CFAB42A4098CB00889EB0 /* Debug */,
				6C2CFAB52A4098CB00889EB0 /* Release */,
			);
			defaultConfigurationIsVisible = 0;
			defaultConfigurationName = Release;
		};
		6C2CFAB62A4098CB00889EB0 /* Build configuration list for PBXNativeTarget "NumberSearch" */ = {
			isa = XCConfigurationList;
			buildConfigurations = (
				6C2CFAB72A4098CB00889EB0 /* Debug */,
				6C2CFAB82A4098CB00889EB0 /* Release */,
			);
			defaultConfigurationIsVisible = 0;
			defaultConfigurationName = Release;
		};
/* End XCConfigurationList section */
	};
	rootObject = 6C2CFAA02A4098C700889EB0 /* Project object */;
}
